
Microsoft Visual Studio Solution File, Format Version 12.00
# Visual Studio Version 17
VisualStudioVersion = 17.2.32616.157
MinimumVisualStudioVersion = 10.0.40219.1
Project("{9A19103F-16F7-4668-BE54-9A1E7A4F7556}") = "LMS", "LMS\LMS.csproj", "{7D6B0DA4-98F7-48B4-AA37-0F60DF507F42}"
EndProject
Project("{9A19103F-16F7-4668-BE54-9A1E7A4F7556}") = "LMSData", "LMSData\LMSData.csproj", "{EBCD15D6-F42C-46BD-96EF-826441CB4EF8}"
EndProject
Project("{9A19103F-16F7-4668-BE54-9A1E7A4F7556}") = "LMSServices", "LMSServices\LMSServices.csproj", "{4D98CC6D-2602-4B58-A70E-667BDBA9F978}"
EndProject
Global
	GlobalSection(SolutionConfigurationPlatforms) = preSolution
		Debug|Any CPU = Debug|Any CPU
		Release|Any CPU = Release|Any CPU
	EndGlobalSection
	GlobalSection(ProjectConfigurationPlatforms) = postSolution
		{7D6B0DA4-98F7-48B4-AA37-0F60DF507F42}.Debug|Any CPU.ActiveCfg = Debug|Any CPU
		{7D6B0DA4-98F7-48B4-AA37-0F60DF507F42}.Debug|Any CPU.Build.0 = Debug|Any CPU
		{7D6B0DA4-98F7-48B4-AA37-0F60DF507F42}.Release|Any CPU.ActiveCfg = Release|Any CPU
		{7D6B0DA4-98F7-48B4-AA37-0F60DF507F42}.Release|Any CPU.Build.0 = Release|Any CPU
		{EBCD15D6-F42C-46BD-96EF-826441CB4EF8}.Debug|Any CPU.ActiveCfg = Debug|Any CPU
		{EBCD15D6-F42C-46BD-96EF-826441CB4EF8}.Debug|Any CPU.Build.0 = Debug|Any CPU
		{EBCD15D6-F42C-46BD-96EF-826441CB4EF8}.Release|Any CPU.ActiveCfg = Release|Any CPU
		{EBCD15D6-F42C-46BD-96EF-826441CB4EF8}.Release|Any CPU.Build.0 = Release|Any CPU
		{4D98CC6D-2602-4B58-A70E-667BDBA9F978}.Debug|Any CPU.ActiveCfg = Debug|Any CPU
		{4D98CC6D-2602-4B58-A70E-667BDBA9F978}.Debug|Any CPU.Build.0 = Debug|Any CPU
		{4D98CC6D-2602-4B58-A70E-667BDBA9F978}.Release|Any CPU.ActiveCfg = Release|Any CPU
		{4D98CC6D-2602-4B58-A70E-667BDBA9F978}.Release|Any CPU.Build.0 = Release|Any CPU
	EndGlobalSection
	GlobalSection(SolutionProperties) = preSolution
		HideSolutionNode = FALSE
	EndGlobalSection
	GlobalSection(ExtensibilityGlobals) = postSolution
		SolutionGuid = {F9835ED7-8057-480D-958D-E0D5E42487AC}
	EndGlobalSection
EndGlobal
